
Microsoft Visual Studio Solution File, Format Version 12.00
# Visual Studio Version 16
VisualStudioVersion = 16.0.31313.79
MinimumVisualStudioVersion = 10.0.40219.1
Project("{9A19103F-16F7-4668-BE54-9A1E7A4F7556}") = "FlyerUI", "FlyerUI\FlyerUI.csproj", "{AA54E834-D339-4533-BB51-F4342DC7C626}"
EndProject
Project("{9A19103F-16F7-4668-BE54-9A1E7A4F7556}") = "FlyerCore", "FlyerCore\FlyerCore.csproj", "{36740742-4792-42A8-B2F7-C15DB7955D1B}"
EndProject
Global
	GlobalSection(SolutionConfigurationPlatforms) = preSolution
		Debug|Any CPU = Debug|Any CPU
		Release|Any CPU = Release|Any CPU
	EndGlobalSection
	GlobalSection(ProjectConfigurationPlatforms) = postSolution
		{AA54E834-D339-4533-BB51-F4342DC7C626}.Debug|Any CPU.ActiveCfg = Debug|Any CPU
		{AA54E834-D339-4533-BB51-F4342DC7C626}.Debug|Any CPU.Build.0 = Debug|Any CPU
		{AA54E834-D339-4533-BB51-F4342DC7C626}.Release|Any CPU.ActiveCfg = Release|Any CPU
		{AA54E834-D339-4533-BB51-F4342DC7C626}.Release|Any CPU.Build.0 = Release|Any CPU
		{36740742-4792-42A8-B2F7-C15DB7955D1B}.Debug|Any CPU.ActiveCfg = Debug|Any CPU
		{36740742-4792-42A8-B2F7-C15DB7955D1B}.Debug|Any CPU.Build.0 = Debug|Any CPU
		{36740742-4792-42A8-B2F7-C15DB7955D1B}.Release|Any CPU.ActiveCfg = Release|Any CPU
		{36740742-4792-42A8-B2F7-C15DB7955D1B}.Release|Any CPU.Build.0 = Release|Any CPU
	EndGlobalSection
	GlobalSection(SolutionProperties) = preSolution
		HideSolutionNode = FALSE
	EndGlobalSection
	GlobalSection(ExtensibilityGlobals) = postSolution
		SolutionGuid = {CA6E60F4-D855-4C03-9993-3DDAC8462328}
	EndGlobalSection
EndGlobal
